{
    "_meta": {
        "hash": {
            "sha256": "5c37ee630f290d9eaa15607212aa89ad2b15f274b6c911e7cfe4422848d51b10"
        },
        "pipfile-spec": 6,
        "requires": {
            "python_version": "3.8"
        },
        "sources": [
            {
                "name": "pypi",
                "url": "https://pypi.org/simple",
                "verify_ssl": true
            }
        ]
    },
    "default": {
        "appdirs": {
            "hashes": [
                "sha256:9e5896d1372858f8dd3344faf4e5014d21849c756c8d5701f78f8a103b372d92",
                "sha256:d8b24664561d0d34ddfaec54636d502d7cea6e29c3eaf68f3df6180863e2166e"
            ],
            "version": "==1.4.3"
        },
        "aspy.yaml": {
            "hashes": [
                "sha256:463372c043f70160a9ec950c3f1e4c3a82db5fca01d334b6bc89c7164d744bdc",
                "sha256:e7c742382eff2caed61f87a39d13f99109088e5e93f04d76eb8d4b28aa143f45"
            ],
            "version": "==1.3.0"
        },
        "attrs": {
            "hashes": [
                "sha256:08a96c641c3a74e44eb59afb61a24f2cb9f4d7188748e76ba4bb5edfa3cb7d1c",
                "sha256:f7b7ce16570fe9965acd6d30101a28f62fb4a7f9e926b3bbc9b61f8b04247e72"
            ],
            "version": "==19.3.0"
        },
        "bento-cli": {
            "hashes": [
                "sha256:42c8ef8ec9eaa813a218ca9cbff5be7d7aa87a7914b440f6a888770cb2e4e3ca",
                "sha256:b2f8874277ca741f2aee862a2b540d319f39f39a82e3a79a1e7dc0f304e2167d"
            ],
            "index": "pypi",
            "version": "==0.10.2"
        },
        "certifi": {
            "hashes": [
                "sha256:1d987a998c75633c40847cc966fcf5904906c920a7f17ef374f5aa4282abd304",
                "sha256:51fcb31174be6e6664c5f69e3e1691a2d72a1a12e90f872cbdb1567eb47b6519"
            ],
            "version": "==2020.4.5.1"
        },
        "cfgv": {
            "hashes": [
                "sha256:1ccf53320421aeeb915275a196e23b3b8ae87dea8ac6698b1638001d4a486d53",
                "sha256:c8e8f552ffcc6194f4e18dd4f68d9aef0c0d58ae7e7be8c82bee3c5e9edfa513"
            ],
            "version": "==3.1.0"
        },
        "chardet": {
            "hashes": [
                "sha256:84ab92ed1c4d4f16916e05906b6b75a6c0fb5db821cc65e70cbd64a3e2a5eaae",
                "sha256:fc323ffcaeaed0e0a02bf4d117757b98aed530d9ed4531e3e15460124c106691"
            ],
            "version": "==3.0.4"
        },
        "click": {
            "hashes": [
                "sha256:8a18b4ea89d8820c5d0c7da8a64b2c324b4dabb695804dbfea19b9be9d88c0cc",
                "sha256:e345d143d80bf5ee7534056164e5e112ea5e22716bbb1ce727941f4c8b471b9a"
            ],
            "version": "==7.1.1"
        },
        "distlib": {
            "hashes": [
                "sha256:2e166e231a26b36d6dfe35a48c4464346620f8645ed0ace01ee31822b288de21"
            ],
            "version": "==0.3.0"
        },
        "docker": {
            "hashes": [
                "sha256:2434b396e616a5ef682fbf80e04839a59e8b81880ece5662c33dff34b8863519",
                "sha256:a062a9f82dff025f79c2097c46f49f143f8898274db7e66041f78cafee66b962"
            ],
            "version": "==3.7.3"
        },
        "docker-pycreds": {
            "hashes": [
                "sha256:6ce3270bcaf404cc4c3e27e4b6c70d3521deae82fb508767870fdbf772d584d4",
                "sha256:7266112468627868005106ec19cd0d722702d2b7d5912a28e19b826c3d37af49"
            ],
            "version": "==0.4.0"
        },
        "filelock": {
            "hashes": [
                "sha256:18d82244ee114f543149c66a6e0c14e9c4f8a1044b5cdaadd0f82159d6a6ff59",
                "sha256:929b7d63ec5b7d6b71b0fa5ac14e030b3f70b75747cef1b10da9b879fef15836"
            ],
            "version": "==3.0.12"
        },
        "frozendict": {
            "hashes": [
                "sha256:774179f22db2ef8a106e9c38d4d1f8503864603db08de2e33be5b778230f6e45"
            ],
            "version": "==1.2"
        },
        "gitdb2": {
            "hashes": [
                "sha256:1b6df1433567a51a4a9c1a5a0de977aa351a405cc56d7d35f3388bad1f630350",
                "sha256:96bbb507d765a7f51eb802554a9cfe194a174582f772e0d89f4e87288c288b7b"
            ],
            "version": "==2.0.6"
        },
        "gitpython": {
            "hashes": [
                "sha256:23b4de99c5fc1564701301cead04e16aa3e47019034668327206d1b52e1e54f7",
                "sha256:838c38d882a97b2fd146dbd4eb9baaf857cb65ebaa64e4c06fca48aaa491e1c6"
            ],
            "version": "==2.1.15"
        },
        "identify": {
            "hashes": [
                "sha256:2bb8760d97d8df4408f4e805883dad26a2d076f04be92a10a3e43f09c6060742",
                "sha256:faffea0fd8ec86bb146ac538ac350ed0c73908326426d387eded0bcc9d077522"
            ],
            "version": "==1.4.14"
        },
        "idna": {
            "hashes": [
                "sha256:7588d1c14ae4c77d74036e8c22ff447b26d0fde8f007354fd48a7814db15b7cb",
                "sha256:a068a21ceac8a4d63dbfd964670474107f541babbd2250d61922f029858365fa"
            ],
            "version": "==2.9"
        },
        "importlib-metadata": {
            "hashes": [
                "sha256:2a688cbaa90e0cc587f1df48bdc97a6eadccdcd9c35fb3f976a09e3b5016d90f",
                "sha256:34513a8a0c4962bc66d35b359558fd8a5e10cd472d37aec5f66858addef32c1e"
            ],
            "version": "==1.6.0"
        },
        "importlib-resources": {
            "hashes": [
                "sha256:4019b6a9082d8ada9def02bece4a76b131518866790d58fdda0b5f8c603b36c2",
                "sha256:dd98ceeef3f5ad2ef4cc287b8586da4ebad15877f351e9688987ad663a0a29b8"
            ],
            "version": "==1.4.0"
        },
        "jsondiff": {
            "hashes": [
                "sha256:34941bc431d10aa15828afe1cbb644977a114e75eef6cc74fb58951312326303"
            ],
            "version": "==1.2.0"
        },
        "jsonschema": {
            "hashes": [
                "sha256:4e5b3cf8216f577bee9ce139cbe72eca3ea4f292ec60928ff24758ce626cd163",
                "sha256:c8a85b28d377cc7737e46e2d9f2b4f44ee3c0e1deac6bf46ddefc7187d30797a"
            ],
            "version": "==3.2.0"
        },
        "mypy-extensions": {
            "hashes": [
                "sha256:090fedd75945a69ae91ce1303b5824f428daf5a028d2f6ab8a299250a846f15d",
                "sha256:2d82818f5bb3e369420cb3c4060a7970edba416647068eb4c5343488a6c604a8"
            ],
            "version": "==0.4.3"
        },
        "nodeenv": {
            "hashes": [
                "sha256:5b2438f2e42af54ca968dd1b374d14a1194848955187b0e5e4be1f73813a5212"
            ],
            "version": "==1.3.5"
        },
        "packaging": {
            "hashes": [
                "sha256:3c292b474fda1671ec57d46d739d072bfd495a4f51ad01a055121d81e952b7a3",
                "sha256:82f77b9bee21c1bafbf35a84905d604d5d1223801d639cf3ed140bd651c08752"
            ],
            "version": "==20.3"
        },
        "pre-commit": {
            "hashes": [
                "sha256:1d3c0587bda7c4e537a46c27f2c84aa006acc18facf9970bf947df596ce91f3f",
                "sha256:fa78ff96e8e9ac94c748388597693f18b041a181c94a4f039ad20f45287ba44a"
            ],
            "version": "==1.18.3"
        },
        "psutil": {
            "hashes": [
                "sha256:094f899ac3ef72422b7e00411b4ed174e3c5a2e04c267db6643937ddba67a05b",
                "sha256:10b7f75cc8bd676cfc6fa40cd7d5c25b3f45a0e06d43becd7c2d2871cbb5e806",
                "sha256:1b1575240ca9a90b437e5a40db662acd87bbf181f6aa02f0204978737b913c6b",
                "sha256:21231ef1c1a89728e29b98a885b8e0a8e00d09018f6da5cdc1f43f988471a995",
                "sha256:28f771129bfee9fc6b63d83a15d857663bbdcae3828e1cb926e91320a9b5b5cd",
                "sha256:70387772f84fa5c3bb6a106915a2445e20ac8f9821c5914d7cbde148f4d7ff73",
                "sha256:b560f5cd86cf8df7bcd258a851ca1ad98f0d5b8b98748e877a0aec4e9032b465",
                "sha256:b74b43fecce384a57094a83d2778cdfc2e2d9a6afaadd1ebecb2e75e0d34e10d",
                "sha256:e85f727ffb21539849e6012f47b12f6dd4c44965e56591d8dec6e8bc9ab96f4a",
                "sha256:fd2e09bb593ad9bdd7429e779699d2d47c1268cbde4dda95fcd1bd17544a0217",
                "sha256:ffad8eb2ac614518bbe3c0b8eb9dffdb3a8d2e3a7d5da51c5b974fb723a5c5aa"
            ],
            "version": "==5.6.7"
        },
        "pymmh3": {
            "hashes": [
                "sha256:c47e9e735518501a3c9b719dbd795aa5d5a1dba48d9c85bae1777ab9ae6c7c45"
            ],
            "version": "==0.0.5"
        },
        "pyparsing": {
            "hashes": [
                "sha256:c203ec8783bf771a155b207279b9bccb8dea02d8f0c9e5f8ead507bc3246ecc1",
                "sha256:ef9d7589ef3c200abe66653d3f1ab1033c3c419ae9b9bdb1240a85b024efc88b"
            ],
            "version": "==2.4.7"
        },
        "pyrsistent": {
            "hashes": [
                "sha256:28669905fe725965daa16184933676547c5bb40a5153055a8dee2a4bd7933ad3"
            ],
            "version": "==0.16.0"
        },
        "pyyaml": {
            "hashes": [
                "sha256:06a0d7ba600ce0b2d2fe2e78453a470b5a6e000a985dd4a4e54e436cc36b0e97",
                "sha256:240097ff019d7c70a4922b6869d8a86407758333f02203e0fc6ff79c5dcede76",
                "sha256:4f4b913ca1a7319b33cfb1369e91e50354d6f07a135f3b901aca02aa95940bd2",
                "sha256:69f00dca373f240f842b2931fb2c7e14ddbacd1397d57157a9b005a6a9942648",
                "sha256:73f099454b799e05e5ab51423c7bcf361c58d3206fa7b0d555426b1f4d9a3eaf",
                "sha256:74809a57b329d6cc0fdccee6318f44b9b8649961fa73144a98735b0aaf029f1f",
                "sha256:7739fc0fa8205b3ee8808aea45e968bc90082c10aef6ea95e855e10abf4a37b2",
                "sha256:95f71d2af0ff4227885f7a6605c37fd53d3a106fcab511b8860ecca9fcf400ee",
                "sha256:b8eac752c5e14d3eca0e6dd9199cd627518cb5ec06add0de9d32baeee6fe645d",
                "sha256:cc8955cfbfc7a115fa81d85284ee61147059a753344bc51098f3ccd69b0d7e0c",
                "sha256:d13155f591e6fcc1ec3b30685d50bf0711574e2c0dfffd7644babf8b5102ca1a"
            ],
            "version": "==5.3.1"
        },
        "r2c-lib": {
            "hashes": [
                "sha256:9508070ce1a9cab7df6d12f7163446fdd4c3909a794fcc8824299111ae7fdee5",
                "sha256:c848c741c294eb0b32ab79ccd5b8381df4ef91646cca33292daea1410adc7416"
            ],
            "version": "==0.0.18a0"
        },
        "requests": {
            "hashes": [
                "sha256:43999036bfa82904b6af1d99e4882b560e5e2c68e5c4b0aa03b655f3d7d73fee",
                "sha256:b3f43d496c6daba4493e7c431722aeb7dbc6288f52a6e04e7b6023b0247817e6"
            ],
            "version": "==2.23.0"
        },
        "semantic-version": {
            "hashes": [
                "sha256:352459f640f3db86551d8054d1288608b29a96e880c7746f0a59c92879d412a3",
                "sha256:4eedff095ecdd7790a9e6d7130d49250209e0c7bf6741423c4a4017d9bac4c04"
            ],
            "version": "==2.8.4"
        },
        "six": {
            "hashes": [
                "sha256:236bdbdce46e6e6a3d61a337c0f8b763ca1e8717c03b369e87a7ec7ce1319c0a",
                "sha256:8f3cd2e254d8f793e7f3d6d9df77b92252b52637291d0f0da013c76ea2724b6c"
            ],
            "version": "==1.14.0"
        },
        "smmap": {
            "hashes": [
                "sha256:171484fe62793e3626c8b05dd752eb2ca01854b0c55a1efc0dc4210fccb65446",
                "sha256:5fead614cf2de17ee0707a8c6a5f2aa5a2fc6c698c70993ba42f515485ffda78"
            ],
            "version": "==3.0.1"
        },
        "smmap2": {
            "hashes": [
                "sha256:0cb6ea470b1ad9a65a02ca7f4c7ae601861f7dd24a43812ca51cfca2892bb524",
                "sha256:44cc8bdaf96442dbb9a8e2e14377d074b3d0eea292eee3c95c8c449b6c92c557"
            ],
            "version": "==3.0.1"
        },
        "toml": {
            "hashes": [
                "sha256:229f81c57791a41d65e399fc06bf0848bab550a9dfd5ed66df18ce5f05e73d5c",
                "sha256:235682dd292d5899d361a811df37e04a8828a5b1da3115886b73cf81ebc9100e"
            ],
            "version": "==0.10.0"
        },
        "toposort": {
            "hashes": [
                "sha256:d80128b83b411d503b0cdb4a8f172998bc1d3b434b6402a349b8ebd734d51a80",
                "sha256:dba5ae845296e3bf37b042c640870ffebcdeb8cd4df45adaa01d8c5476c557dd"
            ],
            "version": "==1.5"
        },
        "tqdm": {
            "hashes": [
                "sha256:abc25d0ce2397d070ef07d8c7e706aede7920da163c64997585d42d3537ece3d",
                "sha256:dd3fcca8488bb1d416aa7469d2f277902f26260c45aa86b667b074cd44b3b115"
            ],
            "version": "==4.36.1"
        },
        "urllib3": {
            "hashes": [
                "sha256:2f3db8b19923a873b3e5256dc9c2dedfa883e33d87c690d9c7913e1f40673cdc",
                "sha256:87716c2d2a7121198ebcb7ce7cccf6ce5e9ba539041cfbaeecfb641dc0bf6acc"
            ],
            "version": "==1.25.8"
        },
        "validate-email": {
            "hashes": [
                "sha256:784719dc5f780be319cdd185dc85dd93afebdb6ebb943811bc4c7c5f9c72aeaf"
            ],
            "version": "==1.3"
        },
        "virtualenv": {
            "hashes": [
                "sha256:6ea131d41c477f6c4b7863948a9a54f7fa196854dbef73efbdff32b509f4d8bf",
                "sha256:94f647e12d1e6ced2541b93215e51752aecbd1bbb18eb1816e2867f7532b1fe1"
            ],
            "version": "==20.0.16"
        },
        "websocket-client": {
            "hashes": [
                "sha256:0fc45c961324d79c781bab301359d5a1b00b13ad1b10415a4780229ef71a5549",
                "sha256:d735b91d6d1692a6a181f2a8c9e0238e5f6373356f561bb9dc4c7af36f452010"
            ],
            "version": "==0.57.0"
        },
        "zipp": {
            "hashes": [
                "sha256:aa36550ff0c0b7ef7fa639055d797116ee891440eac1a56f378e2d3179e0320b",
                "sha256:c599e4d75c98f6798c509911d08a22e6c021d074469042177c8c86fb92eefd96"
            ],
            "version": "==3.1.0"
        }
    },
    "develop": {}
}
